
Microsoft Visual Studio Solution File, Format Version 12.00
# Visual Studio Version 17
VisualStudioVersion = 17.0.31903.59
MinimumVisualStudioVersion = 10.0.40219.1
Project("{9A19103F-16F7-4668-BE54-9A1E7A4F7556}") = "RoomBookingApp.Core", "tdd\RoomBookingApp.Core\RoomBookingApp.Core.csproj", "{5821F542-243A-43A6-A8BC-9E7DF8647336}"
EndProject
Project("{FAE04EC0-301F-11D3-BF4B-00C04F79EFBC}") = "RoomBookingApp.Core.Tests", "tdd\RoomBookingApp.Core.Tests\RoomBookingApp.Core.Tests.csproj", "{849D46A9-CEDE-474F-AD06-203C7233D095}"
EndProject
Project("{FAE04EC0-301F-11D3-BF4B-00C04F79EFBC}") = "RoomBookingApp.Domain", "RoomBookingApp.Domain\RoomBookingApp.Domain.csproj", "{89CD98DC-BF90-4FE0-A162-927CE3EE35FC}"
EndProject
Project("{FAE04EC0-301F-11D3-BF4B-00C04F79EFBC}") = "RoomBookingApp.Persistence", "RoomBookingApp.Persistence\RoomBookingApp.Persistence.csproj", "{3D0F09B7-C5E2-4B8B-92CF-CE5215E5F34E}"
EndProject
Project("{FAE04EC0-301F-11D3-BF4B-00C04F79EFBC}") = "RoomBookingApp.Persistence.Tests", "RoomBookingApp.Persistence.Tests\RoomBookingApp.Persistence.Tests.csproj", "{CCCFA2C2-25D3-4662-B557-C97BC36A2838}"
EndProject
Project("{FAE04EC0-301F-11D3-BF4B-00C04F79EFBC}") = "RoomBookingApp.Api", "RoomBookingApp.Api\RoomBookingApp.Api.csproj", "{6D35CB28-FF1D-4A5B-94F5-95129A1DF715}"
EndProject
Project("{FAE04EC0-301F-11D3-BF4B-00C04F79EFBC}") = "RoomBookingApp.Api.Tests", "RoomBookingApp.Api.Tests\RoomBookingApp.Api.Tests.csproj", "{59F648A1-9F85-4ACB-B065-BF1ED810C2EA}"
EndProject
Global
	GlobalSection(SolutionConfigurationPlatforms) = preSolution
		Debug|Any CPU = Debug|Any CPU
		Release|Any CPU = Release|Any CPU
	EndGlobalSection
	GlobalSection(ProjectConfigurationPlatforms) = postSolution
		{5821F542-243A-43A6-A8BC-9E7DF8647336}.Debug|Any CPU.ActiveCfg = Debug|Any CPU
		{5821F542-243A-43A6-A8BC-9E7DF8647336}.Debug|Any CPU.Build.0 = Debug|Any CPU
		{5821F542-243A-43A6-A8BC-9E7DF8647336}.Release|Any CPU.ActiveCfg = Release|Any CPU
		{5821F542-243A-43A6-A8BC-9E7DF8647336}.Release|Any CPU.Build.0 = Release|Any CPU
		{849D46A9-CEDE-474F-AD06-203C7233D095}.Debug|Any CPU.ActiveCfg = Debug|Any CPU
		{849D46A9-CEDE-474F-AD06-203C7233D095}.Debug|Any CPU.Build.0 = Debug|Any CPU
		{849D46A9-CEDE-474F-AD06-203C7233D095}.Release|Any CPU.ActiveCfg = Release|Any CPU
		{849D46A9-CEDE-474F-AD06-203C7233D095}.Release|Any CPU.Build.0 = Release|Any CPU
		{89CD98DC-BF90-4FE0-A162-927CE3EE35FC}.Debug|Any CPU.ActiveCfg = Debug|Any CPU
		{89CD98DC-BF90-4FE0-A162-927CE3EE35FC}.Debug|Any CPU.Build.0 = Debug|Any CPU
		{89CD98DC-BF90-4FE0-A162-927CE3EE35FC}.Release|Any CPU.ActiveCfg = Release|Any CPU
		{89CD98DC-BF90-4FE0-A162-927CE3EE35FC}.Release|Any CPU.Build.0 = Release|Any CPU
		{3D0F09B7-C5E2-4B8B-92CF-CE5215E5F34E}.Debug|Any CPU.ActiveCfg = Debug|Any CPU
		{3D0F09B7-C5E2-4B8B-92CF-CE5215E5F34E}.Debug|Any CPU.Build.0 = Debug|Any CPU
		{3D0F09B7-C5E2-4B8B-92CF-CE5215E5F34E}.Release|Any CPU.ActiveCfg = Release|Any CPU
		{3D0F09B7-C5E2-4B8B-92CF-CE5215E5F34E}.Release|Any CPU.Build.0 = Release|Any CPU
		{CCCFA2C2-25D3-4662-B557-C97BC36A2838}.Debug|Any CPU.ActiveCfg = Debug|Any CPU
		{CCCFA2C2-25D3-4662-B557-C97BC36A2838}.Debug|Any CPU.Build.0 = Debug|Any CPU
		{CCCFA2C2-25D3-4662-B557-C97BC36A2838}.Release|Any CPU.ActiveCfg = Release|Any CPU
		{CCCFA2C2-25D3-4662-B557-C97BC36A2838}.Release|Any CPU.Build.0 = Release|Any CPU
		{6D35CB28-FF1D-4A5B-94F5-95129A1DF715}.Debug|Any CPU.ActiveCfg = Debug|Any CPU
		{6D35CB28-FF1D-4A5B-94F5-95129A1DF715}.Debug|Any CPU.Build.0 = Debug|Any CPU
		{6D35CB28-FF1D-4A5B-94F5-95129A1DF715}.Release|Any CPU.ActiveCfg = Release|Any CPU
		{6D35CB28-FF1D-4A5B-94F5-95129A1DF715}.Release|Any CPU.Build.0 = Release|Any CPU
		{59F648A1-9F85-4ACB-B065-BF1ED810C2EA}.Debug|Any CPU.ActiveCfg = Debug|Any CPU
		{59F648A1-9F85-4ACB-B065-BF1ED810C2EA}.Debug|Any CPU.Build.0 = Debug|Any CPU
		{59F648A1-9F85-4ACB-B065-BF1ED810C2EA}.Release|Any CPU.ActiveCfg = Release|Any CPU
		{59F648A1-9F85-4ACB-B065-BF1ED810C2EA}.Release|Any CPU.Build.0 = Release|Any CPU
	EndGlobalSection
	GlobalSection(SolutionProperties) = preSolution
		HideSolutionNode = FALSE
	EndGlobalSection
	GlobalSection(ExtensibilityGlobals) = postSolution
		SolutionGuid = {11F41564-3A59-4A3A-8706-A99B50C6D837}
	EndGlobalSection
EndGlobal
